
Microsoft Visual Studio Solution File, Format Version 12.00
# Visual Studio Version 17
VisualStudioVersion = 17.4.33213.308
MinimumVisualStudioVersion = 10.0.40219.1
Project("{FAE04EC0-301F-11D3-BF4B-00C04F79EFBC}") = "helloWorldGrafico", "helloWorldGrafico\helloWorldGrafico.csproj", "{1D248034-1865-4B95-B021-09CFCD5F8B17}"
EndProject
Global
	GlobalSection(SolutionConfigurationPlatforms) = preSolution
		Debug|Any CPU = Debug|Any CPU
		Release|Any CPU = Release|Any CPU
	EndGlobalSection
	GlobalSection(ProjectConfigurationPlatforms) = postSolution
		{1D248034-1865-4B95-B021-09CFCD5F8B17}.Debug|Any CPU.ActiveCfg = Debug|Any CPU
		{1D248034-1865-4B95-B021-09CFCD5F8B17}.Debug|Any CPU.Build.0 = Debug|Any CPU
		{1D248034-1865-4B95-B021-09CFCD5F8B17}.Release|Any CPU.ActiveCfg = Release|Any CPU
		{1D248034-1865-4B95-B021-09CFCD5F8B17}.Release|Any CPU.Build.0 = Release|Any CPU
	EndGlobalSection
	GlobalSection(SolutionProperties) = preSolution
		HideSolutionNode = FALSE
	EndGlobalSection
	GlobalSection(ExtensibilityGlobals) = postSolution
		SolutionGuid = {C543F592-008F-4775-8AAA-EBCA43F15AF4}
	EndGlobalSection
EndGlobal
