
Microsoft Visual Studio Solution File, Format Version 12.00
# Visual Studio Version 17
VisualStudioVersion = 17.4.33213.308
MinimumVisualStudioVersion = 10.0.40219.1
Project("{FAE04EC0-301F-11D3-BF4B-00C04F79EFBC}") = "helloWorld", "helloWorld\helloWorld.csproj", "{BEE900FF-4DC4-4428-83BC-5DA891233C65}"
EndProject
Global
	GlobalSection(SolutionConfigurationPlatforms) = preSolution
		Debug|Any CPU = Debug|Any CPU
		Release|Any CPU = Release|Any CPU
	EndGlobalSection
	GlobalSection(ProjectConfigurationPlatforms) = postSolution
		{BEE900FF-4DC4-4428-83BC-5DA891233C65}.Debug|Any CPU.ActiveCfg = Debug|Any CPU
		{BEE900FF-4DC4-4428-83BC-5DA891233C65}.Debug|Any CPU.Build.0 = Debug|Any CPU
		{BEE900FF-4DC4-4428-83BC-5DA891233C65}.Release|Any CPU.ActiveCfg = Release|Any CPU
		{BEE900FF-4DC4-4428-83BC-5DA891233C65}.Release|Any CPU.Build.0 = Release|Any CPU
	EndGlobalSection
	GlobalSection(SolutionProperties) = preSolution
		HideSolutionNode = FALSE
	EndGlobalSection
	GlobalSection(ExtensibilityGlobals) = postSolution
		SolutionGuid = {3001061B-6361-4D42-BBD3-E9954E1C9B8B}
	EndGlobalSection
EndGlobal
