
Microsoft Visual Studio Solution File, Format Version 12.00
# Visual Studio Version 17
VisualStudioVersion = 17.4.33213.308
MinimumVisualStudioVersion = 10.0.40219.1
Project("{FAE04EC0-301F-11D3-BF4B-00C04F79EFBC}") = "NumericCalculator", "NumericCalculator\NumericCalculator.csproj", "{353FF52A-0453-495D-B40E-F1F858AEA613}"
EndProject
Global
	GlobalSection(SolutionConfigurationPlatforms) = preSolution
		Debug|Any CPU = Debug|Any CPU
		Release|Any CPU = Release|Any CPU
	EndGlobalSection
	GlobalSection(ProjectConfigurationPlatforms) = postSolution
		{353FF52A-0453-495D-B40E-F1F858AEA613}.Debug|Any CPU.ActiveCfg = Debug|Any CPU
		{353FF52A-0453-495D-B40E-F1F858AEA613}.Debug|Any CPU.Build.0 = Debug|Any CPU
		{353FF52A-0453-495D-B40E-F1F858AEA613}.Release|Any CPU.ActiveCfg = Release|Any CPU
		{353FF52A-0453-495D-B40E-F1F858AEA613}.Release|Any CPU.Build.0 = Release|Any CPU
	EndGlobalSection
	GlobalSection(SolutionProperties) = preSolution
		HideSolutionNode = FALSE
	EndGlobalSection
	GlobalSection(ExtensibilityGlobals) = postSolution
		SolutionGuid = {443E8F19-F05F-4D05-8BFC-B52749380A9E}
	EndGlobalSection
EndGlobal
